
Microsoft Visual Studio Solution File, Format Version 12.00
# Visual Studio Version 17
VisualStudioVersion = 17.4.33205.214
MinimumVisualStudioVersion = 10.0.40219.1
Project("{FAE04EC0-301F-11D3-BF4B-00C04F79EFBC}") = "CRUD1", "CRUD1\CRUD1.csproj", "{847FABE3-3D2B-4CE3-8D28-DAF6C3922F82}"
EndProject
Global
	GlobalSection(SolutionConfigurationPlatforms) = preSolution
		Debug|Any CPU = Debug|Any CPU
		Release|Any CPU = Release|Any CPU
	EndGlobalSection
	GlobalSection(ProjectConfigurationPlatforms) = postSolution
		{847FABE3-3D2B-4CE3-8D28-DAF6C3922F82}.Debug|Any CPU.ActiveCfg = Debug|Any CPU
		{847FABE3-3D2B-4CE3-8D28-DAF6C3922F82}.Debug|Any CPU.Build.0 = Debug|Any CPU
		{847FABE3-3D2B-4CE3-8D28-DAF6C3922F82}.Release|Any CPU.ActiveCfg = Release|Any CPU
		{847FABE3-3D2B-4CE3-8D28-DAF6C3922F82}.Release|Any CPU.Build.0 = Release|Any CPU
	EndGlobalSection
	GlobalSection(SolutionProperties) = preSolution
		HideSolutionNode = FALSE
	EndGlobalSection
	GlobalSection(ExtensibilityGlobals) = postSolution
		SolutionGuid = {A50B1A9F-4DAE-4E6C-ABC7-543739D30198}
	EndGlobalSection
EndGlobal
